
Microsoft Visual Studio Solution File, Format Version 12.00
# Visual Studio 15
Project("{FAE04EC0-301F-11D3-BF4B-00C04F79EFBC}") = "Assembly-CSharp-Editor", "Assembly-CSharp-Editor.csproj", "{11B41515-DA92-28AA-2AB0-CBCD8EC33195}"
EndProject
Project("{FAE04EC0-301F-11D3-BF4B-00C04F79EFBC}") = "Assembly-CSharp", "Assembly-CSharp.csproj", "{B4D23CA4-CB1D-8451-D3CF-1BE9D72DB0BF}"
EndProject
Global
	GlobalSection(SolutionConfigurationPlatforms) = preSolution
		Debug|Any CPU = Debug|Any CPU
		Release|Any CPU = Release|Any CPU
	EndGlobalSection
	GlobalSection(ProjectConfigurationPlatforms) = postSolution
		{11B41515-DA92-28AA-2AB0-CBCD8EC33195}.Debug|Any CPU.ActiveCfg = Debug|Any CPU
		{11B41515-DA92-28AA-2AB0-CBCD8EC33195}.Debug|Any CPU.Build.0 = Debug|Any CPU
		{11B41515-DA92-28AA-2AB0-CBCD8EC33195}.Release|Any CPU.ActiveCfg = Release|Any CPU
		{11B41515-DA92-28AA-2AB0-CBCD8EC33195}.Release|Any CPU.Build.0 = Release|Any CPU
		{B4D23CA4-CB1D-8451-D3CF-1BE9D72DB0BF}.Debug|Any CPU.ActiveCfg = Debug|Any CPU
		{B4D23CA4-CB1D-8451-D3CF-1BE9D72DB0BF}.Debug|Any CPU.Build.0 = Debug|Any CPU
		{B4D23CA4-CB1D-8451-D3CF-1BE9D72DB0BF}.Release|Any CPU.ActiveCfg = Release|Any CPU
		{B4D23CA4-CB1D-8451-D3CF-1BE9D72DB0BF}.Release|Any CPU.Build.0 = Release|Any CPU
	EndGlobalSection
	GlobalSection(SolutionProperties) = preSolution
		HideSolutionNode = FALSE
	EndGlobalSection
EndGlobal
